<?xml version="1.0" encoding="UTF-8" standalone="yes" ?>
<CodeBlocks_project_file>
	<FileVersion major="1" minor="6" />
	<Project>
		<Option title="libAFP" />
		<Option pch_mode="2" />
		<Option compiler="gcc" />
		<Build>
			<Target title="Debug">
				<Option output="bin/Debug/libAFP" prefix_auto="1" extension_auto="1" />
				<Option object_output="obj/Debug/" />
				<Option type="1" />
				<Option compiler="gcc" />
				<Option parameters="-d -m -p clips/test/smells_like_teens_spirit.mp3 " />
				<Compiler>
					<Add option="-g" />
				</Compiler>
			</Target>
			<Target title="Release">
				<Option output="bin/Release/libAFP" prefix_auto="1" extension_auto="1" />
				<Option object_output="obj/Release/" />
				<Option type="1" />
				<Option compiler="gcc" />
				<Compiler>
					<Add option="-O2" />
				</Compiler>
				<Linker>
					<Add option="-s" />
				</Linker>
			</Target>
		</Build>
		<Compiler>
			<Add option="-Wall" />
		</Compiler>
		<Linker>
			<Add option="-lfftw3 -lm  -lcurl" />
		</Linker>
		<Unit filename="examples/example.cpp">
			<Option target="Debug" />
		</Unit>
		<Unit filename="examples/protocol.cpp">
			<Option target="Debug" />
		</Unit>
		<Unit filename="examples/protocol.h">
			<Option target="Debug" />
		</Unit>
		<Unit filename="examples/uselame.cpp">
			<Option target="Debug" />
		</Unit>
		<Unit filename="examples/wavefile.cpp">
			<Option target="Debug" />
		</Unit>
		<Unit filename="include/ofa1/ofa.h">
			<Option target="Debug" />
		</Unit>
		<Unit filename="include/util.h">
			<Option target="Debug" />
		</Unit>
		<Unit filename="lib/AFLIB/aflibConverter.cpp">
			<Option target="Debug" />
		</Unit>
		<Unit filename="lib/AFLIB/aflibConverter.h">
			<Option target="Debug" />
		</Unit>
		<Unit filename="lib/AFLIB/aflibConverterLargeFilter.h">
			<Option target="Debug" />
		</Unit>
		<Unit filename="lib/AFLIB/aflibConverterSmallFilter.h">
			<Option target="Debug" />
		</Unit>
		<Unit filename="lib/JAMA/jama_svd.h">
			<Option target="Debug" />
		</Unit>
		<Unit filename="lib/JAMA/tnt_array1d.h">
			<Option target="Debug" />
		</Unit>
		<Unit filename="lib/JAMA/tnt_array1d_utils.h">
			<Option target="Debug" />
		</Unit>
		<Unit filename="lib/JAMA/tnt_array2d.h">
			<Option target="Debug" />
		</Unit>
		<Unit filename="lib/JAMA/tnt_array2d_utils.h">
			<Option target="Debug" />
		</Unit>
		<Unit filename="lib/JAMA/tnt_math_utils.h">
			<Option target="Debug" />
		</Unit>
		<Unit filename="lib/error_op.h">
			<Option target="Debug" />
		</Unit>
		<Unit filename="lib/expat/amigaconfig.h">
			<Option target="Debug" />
		</Unit>
		<Unit filename="lib/expat/ascii.h">
			<Option target="Debug" />
		</Unit>
		<Unit filename="lib/expat/asciitab.h">
			<Option target="Debug" />
		</Unit>
		<Unit filename="lib/expat/expat.h">
			<Option target="Debug" />
		</Unit>
		<Unit filename="lib/expat/expat_external.h">
			<Option target="Debug" />
		</Unit>
		<Unit filename="lib/expat/iasciitab.h">
			<Option target="Debug" />
		</Unit>
		<Unit filename="lib/expat/internal.h">
			<Option target="Debug" />
		</Unit>
		<Unit filename="lib/expat/latin1tab.h">
			<Option target="Debug" />
		</Unit>
		<Unit filename="lib/expat/macconfig.h">
			<Option target="Debug" />
		</Unit>
		<Unit filename="lib/expat/nametab.h">
			<Option target="Debug" />
		</Unit>
		<Unit filename="lib/expat/utf8tab.h">
			<Option target="Debug" />
		</Unit>
		<Unit filename="lib/expat/winconfig.h">
			<Option target="Debug" />
		</Unit>
		<Unit filename="lib/expat/xmlparse.c">
			<Option compilerVar="CC" />
			<Option target="Debug" />
		</Unit>
		<Unit filename="lib/expat/xmlrole.c">
			<Option compilerVar="CC" />
			<Option target="Debug" />
		</Unit>
		<Unit filename="lib/expat/xmlrole.h">
			<Option target="Debug" />
		</Unit>
		<Unit filename="lib/expat/xmltok.c">
			<Option compilerVar="CC" />
			<Option target="Debug" />
		</Unit>
		<Unit filename="lib/expat/xmltok.h">
			<Option target="Debug" />
		</Unit>
		<Unit filename="lib/expat/xmltok_impl.c">
			<Option compilerVar="CC" />
			<Option target="Debug" />
		</Unit>
		<Unit filename="lib/expat/xmltok_impl.h">
			<Option target="Debug" />
		</Unit>
		<Unit filename="lib/expat/xmltok_ns.c">
			<Option compilerVar="CC" />
			<Option target="Debug" />
		</Unit>
		<Unit filename="lib/fft_op.cpp">
			<Option target="Debug" />
		</Unit>
		<Unit filename="lib/fft_op.h">
			<Option target="Debug" />
		</Unit>
		<Unit filename="lib/fftlib_op.h">
			<Option target="Debug" />
		</Unit>
		<Unit filename="lib/fftlibw3_op.cpp">
			<Option target="Debug" />
		</Unit>
		<Unit filename="lib/fftw3.h">
			<Option target="Debug" />
		</Unit>
		<Unit filename="lib/frametracker_op.cpp">
			<Option target="Debug" />
		</Unit>
		<Unit filename="lib/frametracker_op.h">
			<Option target="Debug" />
		</Unit>
		<Unit filename="lib/mainprint.cpp">
			<Option target="Debug" />
		</Unit>
		<Unit filename="lib/signal_op.cpp">
			<Option target="Debug" />
		</Unit>
		<Unit filename="lib/signal_op.h">
			<Option target="Debug" />
		</Unit>
		<Unit filename="lib/trackdata_op.cpp">
			<Option target="Debug" />
		</Unit>
		<Unit filename="lib/trackdata_op.h">
			<Option target="Debug" />
		</Unit>
		<Unit filename="lib/trackframe_op.cpp">
			<Option target="Debug" />
		</Unit>
		<Unit filename="lib/trackframe_op.h">
			<Option target="Debug" />
		</Unit>
		<Unit filename="lib/tracklist_op.cpp">
			<Option target="Debug" />
		</Unit>
		<Unit filename="lib/tracklist_op.h">
			<Option target="Debug" />
		</Unit>
		<Extensions>
			<code_completion />
			<debugger />
		</Extensions>
	</Project>
</CodeBlocks_project_file>
